{
  "version": 4,
  "terraform_version": "1.5.7",
  "serial": 11,
  "lineage": "9f9c4a90-21d3-ef31-f574-e68df9b4ff3f",
  "outputs": {
    "traffic_manager_fqdn": {
      "value": "cmaz-2gvu1fsw-mod5-traf.trafficmanager.net",
      "type": "string"
    }
  },
  "resources": [
    {
      "module": "module.app_service[\"app1\"]",
      "mode": "managed",
      "type": "azurerm_windows_web_app",
      "name": "this",
      "provider": "provider[\"registry.terraform.io/hashicorp/azurerm\"]",
      "instances": [
        {
          "schema_version": 1,
          "attributes": {
            "app_settings": null,
            "auth_settings": [],
            "auth_settings_v2": [],
            "backup": [],
            "client_affinity_enabled": false,
            "client_certificate_enabled": false,
            "client_certificate_exclusion_paths": "",
            "client_certificate_mode": "Required",
            "connection_string": [],
            "custom_domain_verification_id": "C04272D295C71C235AB085954CBF5DECC65BA28089CDFAE244D3458DAC3D7CAE",
            "default_hostname": "cmaz-2gvu1fsw-mod5-app-01.azurewebsites.net",
            "enabled": true,
            "ftp_publish_basic_authentication_enabled": true,
            "hosting_environment_id": "",
            "https_only": true,
            "id": "/subscriptions/13f2946a-14ab-4ea3-8715-7968ca4f5c61/resourceGroups/cmaz-2gvu1fsw-mod5-rg-01/providers/Microsoft.Web/sites/cmaz-2gvu1fsw-mod5-app-01",
            "identity": [],
            "key_vault_reference_identity_id": "SystemAssigned",
            "kind": "app",
            "location": "westeurope",
            "logs": [],
            "name": "cmaz-2gvu1fsw-mod5-app-01",
            "outbound_ip_address_list": [
              "20.8.56.21",
              "20.8.56.107",
              "20.8.56.116",
              "20.8.56.131",
              "20.8.56.141",
              "20.31.97.23",
              "20.8.60.51",
              "20.8.60.63",
              "20.8.60.87",
              "20.8.60.118",
              "20.8.60.121",
              "20.8.60.127",
              "20.8.60.132",
              "20.8.60.136",
              "20.8.60.140",
              "20.8.60.148",
              "20.8.60.160",
              "20.8.60.60",
              "20.105.216.40"
            ],
            "outbound_ip_addresses": "20.8.56.21,20.8.56.107,20.8.56.116,20.8.56.131,20.8.56.141,20.31.97.23,20.8.60.51,20.8.60.63,20.8.60.87,20.8.60.118,20.8.60.121,20.8.60.127,20.8.60.132,20.8.60.136,20.8.60.140,20.8.60.148,20.8.60.160,20.8.60.60,20.105.216.40",
            "possible_outbound_ip_address_list": [
              "20.8.56.21",
              "20.8.56.107",
              "20.8.56.116",
              "20.8.56.131",
              "20.8.56.141",
              "20.31.97.23",
              "20.8.60.51",
              "20.8.60.63",
              "20.8.60.87",
              "20.8.60.118",
              "20.8.60.121",
              "20.8.60.127",
              "20.8.60.132",
              "20.8.60.136",
              "20.8.60.140",
              "20.8.60.148",
              "20.8.60.160",
              "20.8.60.60",
              "108.141.112.133",
              "20.8.56.177",
              "20.8.56.180",
              "20.8.56.182",
              "20.8.56.192",
              "20.8.56.214",
              "20.238.144.150",
              "20.238.151.34",
              "20.8.57.192",
              "20.8.58.31",
              "20.8.58.68",
              "20.8.58.111",
              "20.8.58.195",
              "20.8.58.196",
              "20.8.59.138",
              "20.8.59.153",
              "20.8.59.228",
              "20.8.59.252",
              "20.8.60.26",
              "20.8.60.170",
              "20.8.60.191",
              "20.238.148.203",
              "20.8.60.213",
              "20.8.60.218",
              "20.8.60.227",
              "20.105.216.40"
            ],
            "possible_outbound_ip_addresses": "20.8.56.21,20.8.56.107,20.8.56.116,20.8.56.131,20.8.56.141,20.31.97.23,20.8.60.51,20.8.60.63,20.8.60.87,20.8.60.118,20.8.60.121,20.8.60.127,20.8.60.132,20.8.60.136,20.8.60.140,20.8.60.148,20.8.60.160,20.8.60.60,108.141.112.133,20.8.56.177,20.8.56.180,20.8.56.182,20.8.56.192,20.8.56.214,20.238.144.150,20.238.151.34,20.8.57.192,20.8.58.31,20.8.58.68,20.8.58.111,20.8.58.195,20.8.58.196,20.8.59.138,20.8.59.153,20.8.59.228,20.8.59.252,20.8.60.26,20.8.60.170,20.8.60.191,20.238.148.203,20.8.60.213,20.8.60.218,20.8.60.227,20.105.216.40",
            "public_network_access_enabled": true,
            "resource_group_name": "cmaz-2gvu1fsw-mod5-rg-01",
            "service_plan_id": "/subscriptions/13f2946a-14ab-4ea3-8715-7968ca4f5c61/resourceGroups/cmaz-2gvu1fsw-mod5-rg-01/providers/Microsoft.Web/serverFarms/cmaz-2gvu1fsw-mod5-asp-01",
            "site_config": [
              {
                "always_on": true,
                "api_definition_url": "",
                "api_management_api_id": "",
                "app_command_line": "",
                "application_stack": [
                  {
                    "current_stack": "",
                    "docker_container_name": "",
                    "docker_container_registry": "",
                    "docker_container_tag": "",
                    "docker_image_name": "",
                    "docker_registry_password": "",
                    "docker_registry_url": "",
                    "docker_registry_username": "",
                    "dotnet_core_version": "",
                    "dotnet_version": "v4.0",
                    "java_container": "",
                    "java_container_version": "",
                    "java_embedded_server_enabled": false,
                    "java_version": "",
                    "node_version": "",
                    "php_version": "5.6",
                    "python": false,
                    "python_version": "",
                    "tomcat_version": ""
                  }
                ],
                "auto_heal_enabled": false,
                "auto_heal_setting": [],
                "container_registry_managed_identity_client_id": "",
                "container_registry_use_managed_identity": false,
                "cors": [],
                "default_documents": [
                  "Default.htm",
                  "Default.html",
                  "Default.asp",
                  "index.htm",
                  "index.html",
                  "iisstart.htm",
                  "default.aspx",
                  "index.php",
                  "hostingstart.html"
                ],
                "detailed_error_logging_enabled": false,
                "ftps_state": "Disabled",
                "handler_mapping": [],
                "health_check_eviction_time_in_min": 0,
                "health_check_path": "",
                "http2_enabled": false,
                "ip_restriction": [
                  {
                    "action": "Allow",
                    "description": "",
                    "headers": null,
                    "ip_address": "18.153.146.156/32",
                    "name": "allow-ip",
                    "priority": 100,
                    "service_tag": "",
                    "virtual_network_subnet_id": ""
                  },
                  {
                    "action": "Allow",
                    "description": "",
                    "headers": null,
                    "ip_address": "",
                    "name": "allow-tm",
                    "priority": 110,
                    "service_tag": "AzureTrafficManager",
                    "virtual_network_subnet_id": ""
                  }
                ],
                "ip_restriction_default_action": "Deny",
                "linux_fx_version": "",
                "load_balancing_mode": "LeastRequests",
                "local_mysql_enabled": false,
                "managed_pipeline_mode": "Integrated",
                "minimum_tls_version": "1.2",
                "remote_debugging_enabled": false,
                "remote_debugging_version": "VS2022",
                "scm_ip_restriction": [],
                "scm_ip_restriction_default_action": "Deny",
                "scm_minimum_tls_version": "1.2",
                "scm_type": "None",
                "scm_use_main_ip_restriction": false,
                "use_32_bit_worker": true,
                "virtual_application": [],
                "vnet_route_all_enabled": false,
                "websockets_enabled": false,
                "windows_fx_version": "",
                "worker_count": 1
              }
            ],
            "site_credential": [
              {
                "name": "$cmaz-2gvu1fsw-mod5-app-01",
                "password": "dMsXsKagLiZGxl9n8ToDfyg1QqmJoBPH8pGqG2tvWlWCR7iJT5CpGa5hZyL0"
              }
            ],
            "sticky_settings": [],
            "storage_account": [],
            "tags": {
              "Creator": "arayik_sahakyan@epam.com"
            },
            "timeouts": null,
            "virtual_network_subnet_id": "",
            "webdeploy_publish_basic_authentication_enabled": true,
            "zip_deploy_file": ""
          },
          "sensitive_attributes": [],
          "private": "eyJlMmJmYjczMC1lY2FhLTExZTYtOGY4OC0zNDM2M2JjN2M0YzAiOnsiY3JlYXRlIjoxODAwMDAwMDAwMDAwLCJkZWxldGUiOjE4MDAwMDAwMDAwMDAsInJlYWQiOjMwMDAwMDAwMDAwMCwidXBkYXRlIjoxODAwMDAwMDAwMDAwfSwic2NoZW1hX3ZlcnNpb24iOiIxIn0=",
          "dependencies": [
            "module.app_service_plan.azurerm_service_plan.this",
            "module.resource_group.azurerm_resource_group.this"
          ]
        }
      ]
    },
    {
      "module": "module.app_service[\"app2\"]",
      "mode": "managed",
      "type": "azurerm_windows_web_app",
      "name": "this",
      "provider": "provider[\"registry.terraform.io/hashicorp/azurerm\"]",
      "instances": [
        {
          "schema_version": 1,
          "attributes": {
            "app_settings": null,
            "auth_settings": [],
            "auth_settings_v2": [],
            "backup": [],
            "client_affinity_enabled": false,
            "client_certificate_enabled": false,
            "client_certificate_exclusion_paths": "",
            "client_certificate_mode": "Required",
            "connection_string": [],
            "custom_domain_verification_id": "C04272D295C71C235AB085954CBF5DECC65BA28089CDFAE244D3458DAC3D7CAE",
            "default_hostname": "cmaz-2gvu1fsw-mod5-app-02.azurewebsites.net",
            "enabled": true,
            "ftp_publish_basic_authentication_enabled": true,
            "hosting_environment_id": "",
            "https_only": true,
            "id": "/subscriptions/13f2946a-14ab-4ea3-8715-7968ca4f5c61/resourceGroups/cmaz-2gvu1fsw-mod5-rg-02/providers/Microsoft.Web/sites/cmaz-2gvu1fsw-mod5-app-02",
            "identity": [],
            "key_vault_reference_identity_id": "SystemAssigned",
            "kind": "app",
            "location": "northeurope",
            "logs": [],
            "name": "cmaz-2gvu1fsw-mod5-app-02",
            "outbound_ip_address_list": [
              "191.235.176.126",
              "191.235.176.213",
              "191.235.176.215",
              "191.235.176.55",
              "20.107.239.10",
              "191.235.177.30",
              "40.113.2.52"
            ],
            "outbound_ip_addresses": "191.235.176.126,191.235.176.213,191.235.176.215,191.235.176.55,20.107.239.10,191.235.177.30,40.113.2.52",
            "possible_outbound_ip_address_list": [
              "191.235.176.126",
              "191.235.176.213",
              "191.235.176.215",
              "191.235.176.55",
              "135.236.251.235",
              "40.87.151.220",
              "40.87.151.172",
              "13.79.20.106",
              "40.87.151.221",
              "40.87.151.173",
              "20.54.88.4",
              "20.54.88.33",
              "20.54.88.42",
              "20.54.88.50",
              "20.54.88.60",
              "20.54.88.75",
              "20.67.220.92",
              "20.67.220.95",
              "20.67.220.104",
              "20.67.220.117",
              "20.67.220.134",
              "20.67.220.238",
              "20.107.239.10",
              "191.235.177.30",
              "40.113.2.52"
            ],
            "possible_outbound_ip_addresses": "191.235.176.126,191.235.176.213,191.235.176.215,191.235.176.55,135.236.251.235,40.87.151.220,40.87.151.172,13.79.20.106,40.87.151.221,40.87.151.173,20.54.88.4,20.54.88.33,20.54.88.42,20.54.88.50,20.54.88.60,20.54.88.75,20.67.220.92,20.67.220.95,20.67.220.104,20.67.220.117,20.67.220.134,20.67.220.238,20.107.239.10,191.235.177.30,40.113.2.52",
            "public_network_access_enabled": true,
            "resource_group_name": "cmaz-2gvu1fsw-mod5-rg-02",
            "service_plan_id": "/subscriptions/13f2946a-14ab-4ea3-8715-7968ca4f5c61/resourceGroups/cmaz-2gvu1fsw-mod5-rg-02/providers/Microsoft.Web/serverFarms/cmaz-2gvu1fsw-mod5-asp-02",
            "site_config": [
              {
                "always_on": true,
                "api_definition_url": "",
                "api_management_api_id": "",
                "app_command_line": "",
                "application_stack": [
                  {
                    "current_stack": "",
                    "docker_container_name": "",
                    "docker_container_registry": "",
                    "docker_container_tag": "",
                    "docker_image_name": "",
                    "docker_registry_password": "",
                    "docker_registry_url": "",
                    "docker_registry_username": "",
                    "dotnet_core_version": "",
                    "dotnet_version": "v4.0",
                    "java_container": "",
                    "java_container_version": "",
                    "java_embedded_server_enabled": false,
                    "java_version": "",
                    "node_version": "",
                    "php_version": "5.6",
                    "python": false,
                    "python_version": "",
                    "tomcat_version": ""
                  }
                ],
                "auto_heal_enabled": false,
                "auto_heal_setting": [],
                "container_registry_managed_identity_client_id": "",
                "container_registry_use_managed_identity": false,
                "cors": [],
                "default_documents": [
                  "Default.htm",
                  "Default.html",
                  "Default.asp",
                  "index.htm",
                  "index.html",
                  "iisstart.htm",
                  "default.aspx",
                  "index.php",
                  "hostingstart.html"
                ],
                "detailed_error_logging_enabled": false,
                "ftps_state": "Disabled",
                "handler_mapping": [],
                "health_check_eviction_time_in_min": 0,
                "health_check_path": "",
                "http2_enabled": false,
                "ip_restriction": [
                  {
                    "action": "Allow",
                    "description": "",
                    "headers": null,
                    "ip_address": "18.153.146.156/32",
                    "name": "allow-ip",
                    "priority": 100,
                    "service_tag": "",
                    "virtual_network_subnet_id": ""
                  },
                  {
                    "action": "Allow",
                    "description": "",
                    "headers": null,
                    "ip_address": "",
                    "name": "allow-tm",
                    "priority": 110,
                    "service_tag": "AzureTrafficManager",
                    "virtual_network_subnet_id": ""
                  }
                ],
                "ip_restriction_default_action": "Deny",
                "linux_fx_version": "",
                "load_balancing_mode": "LeastRequests",
                "local_mysql_enabled": false,
                "managed_pipeline_mode": "Integrated",
                "minimum_tls_version": "1.2",
                "remote_debugging_enabled": false,
                "remote_debugging_version": "VS2022",
                "scm_ip_restriction": [],
                "scm_ip_restriction_default_action": "Deny",
                "scm_minimum_tls_version": "1.2",
                "scm_type": "None",
                "scm_use_main_ip_restriction": false,
                "use_32_bit_worker": true,
                "virtual_application": [],
                "vnet_route_all_enabled": false,
                "websockets_enabled": false,
                "windows_fx_version": "",
                "worker_count": 1
              }
            ],
            "site_credential": [
              {
                "name": "$cmaz-2gvu1fsw-mod5-app-02",
                "password": "2AWgBm9kyCy8NxhH9aPos5QM4gdYzGFsmYFXDpoxTLC2Z3RacLhsccf0h7qX"
              }
            ],
            "sticky_settings": [],
            "storage_account": [],
            "tags": {
              "Creator": "arayik_sahakyan@epam.com"
            },
            "timeouts": null,
            "virtual_network_subnet_id": "",
            "webdeploy_publish_basic_authentication_enabled": true,
            "zip_deploy_file": ""
          },
          "sensitive_attributes": [],
          "private": "eyJlMmJmYjczMC1lY2FhLTExZTYtOGY4OC0zNDM2M2JjN2M0YzAiOnsiY3JlYXRlIjoxODAwMDAwMDAwMDAwLCJkZWxldGUiOjE4MDAwMDAwMDAwMDAsInJlYWQiOjMwMDAwMDAwMDAwMCwidXBkYXRlIjoxODAwMDAwMDAwMDAwfSwic2NoZW1hX3ZlcnNpb24iOiIxIn0=",
          "dependencies": [
            "module.app_service_plan.azurerm_service_plan.this",
            "module.resource_group.azurerm_resource_group.this"
          ]
        }
      ]
    },
    {
      "module": "module.app_service_plan[\"asp1\"]",
      "mode": "managed",
      "type": "azurerm_service_plan",
      "name": "this",
      "provider": "provider[\"registry.terraform.io/hashicorp/azurerm\"]",
      "instances": [
        {
          "schema_version": 1,
          "attributes": {
            "app_service_environment_id": "",
            "id": "/subscriptions/13f2946a-14ab-4ea3-8715-7968ca4f5c61/resourceGroups/cmaz-2gvu1fsw-mod5-rg-01/providers/Microsoft.Web/serverFarms/cmaz-2gvu1fsw-mod5-asp-01",
            "kind": "app",
            "location": "westeurope",
            "maximum_elastic_worker_count": 2,
            "name": "cmaz-2gvu1fsw-mod5-asp-01",
            "os_type": "Windows",
            "per_site_scaling_enabled": false,
            "reserved": false,
            "resource_group_name": "cmaz-2gvu1fsw-mod5-rg-01",
            "sku_name": "S1",
            "tags": {
              "Creator": "arayik_sahakyan@epam.com"
            },
            "timeouts": null,
            "worker_count": 2,
            "zone_balancing_enabled": false
          },
          "sensitive_attributes": [],
          "private": "eyJlMmJmYjczMC1lY2FhLTExZTYtOGY4OC0zNDM2M2JjN2M0YzAiOnsiY3JlYXRlIjozNjAwMDAwMDAwMDAwLCJkZWxldGUiOjM2MDAwMDAwMDAwMDAsInJlYWQiOjMwMDAwMDAwMDAwMCwidXBkYXRlIjozNjAwMDAwMDAwMDAwfSwic2NoZW1hX3ZlcnNpb24iOiIxIn0=",
          "dependencies": [
            "module.resource_group.azurerm_resource_group.this"
          ]
        }
      ]
    },
    {
      "module": "module.app_service_plan[\"asp2\"]",
      "mode": "managed",
      "type": "azurerm_service_plan",
      "name": "this",
      "provider": "provider[\"registry.terraform.io/hashicorp/azurerm\"]",
      "instances": [
        {
          "schema_version": 1,
          "attributes": {
            "app_service_environment_id": "",
            "id": "/subscriptions/13f2946a-14ab-4ea3-8715-7968ca4f5c61/resourceGroups/cmaz-2gvu1fsw-mod5-rg-02/providers/Microsoft.Web/serverFarms/cmaz-2gvu1fsw-mod5-asp-02",
            "kind": "app",
            "location": "northeurope",
            "maximum_elastic_worker_count": 1,
            "name": "cmaz-2gvu1fsw-mod5-asp-02",
            "os_type": "Windows",
            "per_site_scaling_enabled": false,
            "reserved": false,
            "resource_group_name": "cmaz-2gvu1fsw-mod5-rg-02",
            "sku_name": "S1",
            "tags": {
              "Creator": "arayik_sahakyan@epam.com"
            },
            "timeouts": null,
            "worker_count": 1,
            "zone_balancing_enabled": false
          },
          "sensitive_attributes": [],
          "private": "eyJlMmJmYjczMC1lY2FhLTExZTYtOGY4OC0zNDM2M2JjN2M0YzAiOnsiY3JlYXRlIjozNjAwMDAwMDAwMDAwLCJkZWxldGUiOjM2MDAwMDAwMDAwMDAsInJlYWQiOjMwMDAwMDAwMDAwMCwidXBkYXRlIjozNjAwMDAwMDAwMDAwfSwic2NoZW1hX3ZlcnNpb24iOiIxIn0=",
          "dependencies": [
            "module.resource_group.azurerm_resource_group.this"
          ]
        }
      ]
    },
    {
      "module": "module.resource_group[\"rg1\"]",
      "mode": "managed",
      "type": "azurerm_resource_group",
      "name": "this",
      "provider": "provider[\"registry.terraform.io/hashicorp/azurerm\"]",
      "instances": [
        {
          "schema_version": 0,
          "attributes": {
            "id": "/subscriptions/13f2946a-14ab-4ea3-8715-7968ca4f5c61/resourceGroups/cmaz-2gvu1fsw-mod5-rg-01",
            "location": "westeurope",
            "managed_by": "",
            "name": "cmaz-2gvu1fsw-mod5-rg-01",
            "tags": {
              "Creator": "arayik_sahakyan@epam.com"
            },
            "timeouts": null
          },
          "sensitive_attributes": [],
          "private": "eyJlMmJmYjczMC1lY2FhLTExZTYtOGY4OC0zNDM2M2JjN2M0YzAiOnsiY3JlYXRlIjo1NDAwMDAwMDAwMDAwLCJkZWxldGUiOjU0MDAwMDAwMDAwMDAsInJlYWQiOjMwMDAwMDAwMDAwMCwidXBkYXRlIjo1NDAwMDAwMDAwMDAwfX0="
        }
      ]
    },
    {
      "module": "module.resource_group[\"rg2\"]",
      "mode": "managed",
      "type": "azurerm_resource_group",
      "name": "this",
      "provider": "provider[\"registry.terraform.io/hashicorp/azurerm\"]",
      "instances": [
        {
          "schema_version": 0,
          "attributes": {
            "id": "/subscriptions/13f2946a-14ab-4ea3-8715-7968ca4f5c61/resourceGroups/cmaz-2gvu1fsw-mod5-rg-02",
            "location": "northeurope",
            "managed_by": "",
            "name": "cmaz-2gvu1fsw-mod5-rg-02",
            "tags": {
              "Creator": "arayik_sahakyan@epam.com"
            },
            "timeouts": null
          },
          "sensitive_attributes": [],
          "private": "eyJlMmJmYjczMC1lY2FhLTExZTYtOGY4OC0zNDM2M2JjN2M0YzAiOnsiY3JlYXRlIjo1NDAwMDAwMDAwMDAwLCJkZWxldGUiOjU0MDAwMDAwMDAwMDAsInJlYWQiOjMwMDAwMDAwMDAwMCwidXBkYXRlIjo1NDAwMDAwMDAwMDAwfX0="
        }
      ]
    },
    {
      "module": "module.resource_group[\"rg3\"]",
      "mode": "managed",
      "type": "azurerm_resource_group",
      "name": "this",
      "provider": "provider[\"registry.terraform.io/hashicorp/azurerm\"]",
      "instances": [
        {
          "schema_version": 0,
          "attributes": {
            "id": "/subscriptions/13f2946a-14ab-4ea3-8715-7968ca4f5c61/resourceGroups/cmaz-2gvu1fsw-mod5-rg-03",
            "location": "uksouth",
            "managed_by": "",
            "name": "cmaz-2gvu1fsw-mod5-rg-03",
            "tags": {
              "Creator": "arayik_sahakyan@epam.com"
            },
            "timeouts": null
          },
          "sensitive_attributes": [],
          "private": "eyJlMmJmYjczMC1lY2FhLTExZTYtOGY4OC0zNDM2M2JjN2M0YzAiOnsiY3JlYXRlIjo1NDAwMDAwMDAwMDAwLCJkZWxldGUiOjU0MDAwMDAwMDAwMDAsInJlYWQiOjMwMDAwMDAwMDAwMCwidXBkYXRlIjo1NDAwMDAwMDAwMDAwfX0="
        }
      ]
    },
    {
      "module": "module.traffic_manager",
      "mode": "managed",
      "type": "azurerm_traffic_manager_azure_endpoint",
      "name": "this",
      "provider": "provider[\"registry.terraform.io/hashicorp/azurerm\"]",
      "instances": [
        {
          "index_key": "app1",
          "schema_version": 0,
          "attributes": {
            "always_serve_enabled": false,
            "custom_header": [],
            "enabled": true,
            "geo_mappings": null,
            "id": "/subscriptions/13f2946a-14ab-4ea3-8715-7968ca4f5c61/resourceGroups/cmaz-2gvu1fsw-mod5-rg-03/providers/Microsoft.Network/trafficManagerProfiles/cmaz-2gvu1fsw-mod5-traf/AzureEndpoints/cmaz-2gvu1fsw-mod5-app-01-endpoint",
            "name": "cmaz-2gvu1fsw-mod5-app-01-endpoint",
            "priority": 2,
            "profile_id": "/subscriptions/13f2946a-14ab-4ea3-8715-7968ca4f5c61/resourceGroups/cmaz-2gvu1fsw-mod5-rg-03/providers/Microsoft.Network/trafficManagerProfiles/cmaz-2gvu1fsw-mod5-traf",
            "subnet": [],
            "target_resource_id": "/subscriptions/13f2946a-14ab-4ea3-8715-7968ca4f5c61/resourceGroups/cmaz-2gvu1fsw-mod5-rg-01/providers/Microsoft.Web/sites/cmaz-2gvu1fsw-mod5-app-01",
            "timeouts": null,
            "weight": 1
          },
          "sensitive_attributes": [],
          "private": "eyJlMmJmYjczMC1lY2FhLTExZTYtOGY4OC0zNDM2M2JjN2M0YzAiOnsiY3JlYXRlIjoxODAwMDAwMDAwMDAwLCJkZWxldGUiOjE4MDAwMDAwMDAwMDAsInJlYWQiOjMwMDAwMDAwMDAwMCwidXBkYXRlIjoxODAwMDAwMDAwMDAwfX0=",
          "dependencies": [
            "module.app_service.azurerm_windows_web_app.this",
            "module.app_service_plan.azurerm_service_plan.this",
            "module.resource_group.azurerm_resource_group.this",
            "module.traffic_manager.azurerm_traffic_manager_profile.this"
          ]
        },
        {
          "index_key": "app2",
          "schema_version": 0,
          "attributes": {
            "always_serve_enabled": false,
            "custom_header": [],
            "enabled": true,
            "geo_mappings": null,
            "id": "/subscriptions/13f2946a-14ab-4ea3-8715-7968ca4f5c61/resourceGroups/cmaz-2gvu1fsw-mod5-rg-03/providers/Microsoft.Network/trafficManagerProfiles/cmaz-2gvu1fsw-mod5-traf/AzureEndpoints/cmaz-2gvu1fsw-mod5-app-02-endpoint",
            "name": "cmaz-2gvu1fsw-mod5-app-02-endpoint",
            "priority": 1,
            "profile_id": "/subscriptions/13f2946a-14ab-4ea3-8715-7968ca4f5c61/resourceGroups/cmaz-2gvu1fsw-mod5-rg-03/providers/Microsoft.Network/trafficManagerProfiles/cmaz-2gvu1fsw-mod5-traf",
            "subnet": [],
            "target_resource_id": "/subscriptions/13f2946a-14ab-4ea3-8715-7968ca4f5c61/resourceGroups/cmaz-2gvu1fsw-mod5-rg-02/providers/Microsoft.Web/sites/cmaz-2gvu1fsw-mod5-app-02",
            "timeouts": null,
            "weight": 1
          },
          "sensitive_attributes": [],
          "private": "eyJlMmJmYjczMC1lY2FhLTExZTYtOGY4OC0zNDM2M2JjN2M0YzAiOnsiY3JlYXRlIjoxODAwMDAwMDAwMDAwLCJkZWxldGUiOjE4MDAwMDAwMDAwMDAsInJlYWQiOjMwMDAwMDAwMDAwMCwidXBkYXRlIjoxODAwMDAwMDAwMDAwfX0=",
          "dependencies": [
            "module.app_service.azurerm_windows_web_app.this",
            "module.app_service_plan.azurerm_service_plan.this",
            "module.resource_group.azurerm_resource_group.this",
            "module.traffic_manager.azurerm_traffic_manager_profile.this"
          ]
        }
      ]
    },
    {
      "module": "module.traffic_manager",
      "mode": "managed",
      "type": "azurerm_traffic_manager_profile",
      "name": "this",
      "provider": "provider[\"registry.terraform.io/hashicorp/azurerm\"]",
      "instances": [
        {
          "schema_version": 0,
          "attributes": {
            "dns_config": [
              {
                "relative_name": "cmaz-2gvu1fsw-mod5-traf",
                "ttl": 30
              }
            ],
            "fqdn": "cmaz-2gvu1fsw-mod5-traf.trafficmanager.net",
            "id": "/subscriptions/13f2946a-14ab-4ea3-8715-7968ca4f5c61/resourceGroups/cmaz-2gvu1fsw-mod5-rg-03/providers/Microsoft.Network/trafficManagerProfiles/cmaz-2gvu1fsw-mod5-traf",
            "max_return": 0,
            "monitor_config": [
              {
                "custom_header": [],
                "expected_status_code_ranges": null,
                "interval_in_seconds": 30,
                "path": "/",
                "port": 443,
                "protocol": "HTTPS",
                "timeout_in_seconds": 10,
                "tolerated_number_of_failures": 3
              }
            ],
            "name": "cmaz-2gvu1fsw-mod5-traf",
            "profile_status": "Enabled",
            "resource_group_name": "cmaz-2gvu1fsw-mod5-rg-03",
            "tags": {
              "Creator": "arayik_sahakyan@epam.com"
            },
            "timeouts": null,
            "traffic_routing_method": "Performance",
            "traffic_view_enabled": false
          },
          "sensitive_attributes": [],
          "private": "eyJlMmJmYjczMC1lY2FhLTExZTYtOGY4OC0zNDM2M2JjN2M0YzAiOnsiY3JlYXRlIjoxODAwMDAwMDAwMDAwLCJkZWxldGUiOjE4MDAwMDAwMDAwMDAsInJlYWQiOjMwMDAwMDAwMDAwMCwidXBkYXRlIjoxODAwMDAwMDAwMDAwfX0=",
          "dependencies": [
            "module.resource_group.azurerm_resource_group.this"
          ]
        }
      ]
    }
  ],
  "check_results": null
}
